<?xml version="1.0" encoding="utf-8"?>
<Project ToolsVersion="4.0" xmlns="http://schemas.microsoft.com/developer/msbuild/2003">
  <ItemGroup>
    <Filter Include="Source Files">
      <UniqueIdentifier>{4FC737F1-C7A5-4376-A066-2A32D752A2FF}</UniqueIdentifier>
      <Extensions>cpp;c;cc;cxx;def;odl;idl;hpj;bat;asm;asmx</Extensions>
    </Filter>
    <Filter Include="Header Files">
      <UniqueIdentifier>{93995380-89BD-4b04-88EB-625FBE52EBFB}</UniqueIdentifier>
      <Extensions>h;hh;hpp;hxx;hm;inl;inc;ipp;xsd</Extensions>
    </Filter>
    <Filter Include="Resource Files">
      <UniqueIdentifier>{67DA6AB6-F800-4c08-8B7A-83BB121AAD01}</UniqueIdentifier>
      <Extensions>rc;ico;cur;bmp;dlg;rc2;rct;bin;rgs;gif;jpg;jpeg;jpe;resx;tiff;tif;png;wav;mfcribbon-ms</Extensions>
    </Filter>
    <Filter Include="import">
      <UniqueIdentifier>{99504923-f5af-4d67-bb13-e1be395cbd74}</UniqueIdentifier>
    </Filter>
    <Filter Include="output">
      <UniqueIdentifier>{6dfe9a84-5dab-4b7b-8c2f-b9964d287017}</UniqueIdentifier>
    </Filter>
    <Filter Include="import\struct_implementation">
      <UniqueIdentifier>{3dad44d2-81b6-4733-bd6d-7fbc3ae70f20}</UniqueIdentifier>
    </Filter>
    <Filter Include="import\array_implementation">
      <UniqueIdentifier>{ebf85993-189f-45b3-b2f4-3c252c0930c8}</UniqueIdentifier>
    </Filter>
  </ItemGroup>
  <ItemGroup>
    <ClCompile Include="main.c">
      <Filter>Source Files</Filter>
    </ClCompile>
    <ClCompile Include="import\array_implementation\noizu_trie_a.c">
      <Filter>import\array_implementation</Filter>
    </ClCompile>
    <ClCompile Include="import\struct_implementation\noizu_trie_s.c">
      <Filter>import\struct_implementation</Filter>
    </ClCompile>
  </ItemGroup>
  <ItemGroup>
    <Text Include="sample.txt">
      <Filter>Resource Files</Filter>
    </Text>
  </ItemGroup>
  <ItemGroup>
    <None Include="README.md" />
    <None Include="output\generated.gen">
      <Filter>output</Filter>
    </None>
  </ItemGroup>
  <ItemGroup>
    <ClInclude Include="import\array_implementation\noizu_trie_a.h">
      <Filter>import\array_implementation</Filter>
    </ClInclude>
    <ClInclude Include="import\struct_implementation\noizu_trie_s.h">
      <Filter>import\struct_implementation</Filter>
    </ClInclude>
  </ItemGroup>
</Project>