<?xml version="1.0" encoding="utf-8"?>
<Project ToolsVersion="4.0" xmlns="http://schemas.microsoft.com/developer/msbuild/2003">
  <ItemGroup>
    <Filter Include="Source Files">
      <UniqueIdentifier>{4FC737F1-C7A5-4376-A066-2A32D752A2FF}</UniqueIdentifier>
      <Extensions>cpp;c;cc;cxx;def;odl;idl;hpj;bat;asm;asmx</Extensions>
    </Filter>
    <Filter Include="Sample Set">
      <UniqueIdentifier>{701b79d8-2be1-4cf2-b0e8-0de27cc4d420}</UniqueIdentifier>
    </Filter>
    <Filter Include="Sample Set\output">
      <UniqueIdentifier>{6dfe9a84-5dab-4b7b-8c2f-b9964d287017}</UniqueIdentifier>
    </Filter>
    <Filter Include="Sample Set\Resource Files">
      <UniqueIdentifier>{67DA6AB6-F800-4c08-8B7A-83BB121AAD01}</UniqueIdentifier>
      <Extensions>rc;ico;cur;bmp;dlg;rc2;rct;bin;rgs;gif;jpg;jpeg;jpe;resx;tiff;tif;png;wav;mfcribbon-ms</Extensions>
    </Filter>
    <Filter Include="Framework">
      <UniqueIdentifier>{673303c0-b0c6-47ec-8529-1ba9148c1be7}</UniqueIdentifier>
    </Filter>
    <Filter Include="Framework\trie_array">
      <UniqueIdentifier>{393a61ee-f0b3-4acc-a883-597945bfd38b}</UniqueIdentifier>
    </Filter>
    <Filter Include="Framework\trie_compact">
      <UniqueIdentifier>{2d16b84f-68b2-439d-9a37-086927f2b103}</UniqueIdentifier>
    </Filter>
    <Filter Include="Framework\trie_struct">
      <UniqueIdentifier>{ac7e46ee-6c3b-4733-8f30-226b2976a097}</UniqueIdentifier>
    </Filter>
  </ItemGroup>
  <ItemGroup>
    <ClCompile Include="trie_generator.c">
      <Filter>Source Files</Filter>
    </ClCompile>
    <ClCompile Include="main.c" />
    <ClCompile Include="import\noitu_trie.c">
      <Filter>Framework</Filter>
    </ClCompile>
    <ClCompile Include="import\trie_struct\noizu_trie_s.c">
      <Filter>Framework\trie_struct</Filter>
    </ClCompile>
    <ClCompile Include="import\trie_compact\noizu_trie_c.c">
      <Filter>Framework\trie_compact</Filter>
    </ClCompile>
    <ClCompile Include="import\trie_array\noizu_trie_a.c">
      <Filter>Framework\trie_array</Filter>
    </ClCompile>
  </ItemGroup>
  <ItemGroup>
    <Text Include="sample.txt">
      <Filter>Sample Set\Resource Files</Filter>
    </Text>
  </ItemGroup>
  <ItemGroup>
    <None Include="output\generated.gen">
      <Filter>Sample Set\output</Filter>
    </None>
    <None Include="..\README.md" />
  </ItemGroup>
  <ItemGroup>
    <ClInclude Include="trie_generator.h">
      <Filter>Source Files</Filter>
    </ClInclude>
    <ClInclude Include="import\noizu_trie.h">
      <Filter>Framework</Filter>
    </ClInclude>
    <ClInclude Include="import\trie_struct\noizu_trie_s.h">
      <Filter>Framework\trie_struct</Filter>
    </ClInclude>
    <ClInclude Include="import\trie_compact\noizu_trie_c.h">
      <Filter>Framework\trie_compact</Filter>
    </ClInclude>
    <ClInclude Include="import\trie_array\noizu_trie_a.h">
      <Filter>Framework\trie_array</Filter>
    </ClInclude>
  </ItemGroup>
</Project>